
Microsoft Visual Studio Solution File, Format Version 12.00
# Visual Studio Version 17
VisualStudioVersion = 17.2.32630.192
MinimumVisualStudioVersion = 10.0.40219.1
Project("{9A19103F-16F7-4668-BE54-9A1E7A4F7556}") = "1.Vehicles", "Polymorphism\1.Vehicles.csproj", "{DD4E47F9-04A7-431E-8D7D-4922FA208EAC}"
EndProject
Project("{9A19103F-16F7-4668-BE54-9A1E7A4F7556}") = "3.Raiding", "3. Raiding\3.Raiding.csproj", "{BA1C86EE-95FA-467B-B5CF-5CB4A52C9145}"
EndProject
Global
	GlobalSection(SolutionConfigurationPlatforms) = preSolution
		Debug|Any CPU = Debug|Any CPU
		Release|Any CPU = Release|Any CPU
	EndGlobalSection
	GlobalSection(ProjectConfigurationPlatforms) = postSolution
		{DD4E47F9-04A7-431E-8D7D-4922FA208EAC}.Debug|Any CPU.ActiveCfg = Debug|Any CPU
		{DD4E47F9-04A7-431E-8D7D-4922FA208EAC}.Debug|Any CPU.Build.0 = Debug|Any CPU
		{DD4E47F9-04A7-431E-8D7D-4922FA208EAC}.Release|Any CPU.ActiveCfg = Release|Any CPU
		{DD4E47F9-04A7-431E-8D7D-4922FA208EAC}.Release|Any CPU.Build.0 = Release|Any CPU
		{BA1C86EE-95FA-467B-B5CF-5CB4A52C9145}.Debug|Any CPU.ActiveCfg = Debug|Any CPU
		{BA1C86EE-95FA-467B-B5CF-5CB4A52C9145}.Debug|Any CPU.Build.0 = Debug|Any CPU
		{BA1C86EE-95FA-467B-B5CF-5CB4A52C9145}.Release|Any CPU.ActiveCfg = Release|Any CPU
		{BA1C86EE-95FA-467B-B5CF-5CB4A52C9145}.Release|Any CPU.Build.0 = Release|Any CPU
	EndGlobalSection
	GlobalSection(SolutionProperties) = preSolution
		HideSolutionNode = FALSE
	EndGlobalSection
	GlobalSection(ExtensibilityGlobals) = postSolution
		SolutionGuid = {8848A8E4-61DF-4DFE-A223-357214389AD7}
	EndGlobalSection
EndGlobal
